
Microsoft Visual Studio Solution File, Format Version 12.00
# Visual Studio Version 17
VisualStudioVersion = 17.7.34221.43
MinimumVisualStudioVersion = 10.0.40219.1
Project("{9A19103F-16F7-4668-BE54-9A1E7A4F7556}") = "CookApp", "CookApp.csproj", "{136269AF-809B-4A05-8AB1-FE50805C1E7A}"
EndProject
Project("{9A19103F-16F7-4668-BE54-9A1E7A4F7556}") = "CookAppAPI", "..\CookAppAPI\CookAppAPI.csproj", "{F7FA8340-4668-4E6E-88BF-6497B08B88C7}"
EndProject
Global
	GlobalSection(SolutionConfigurationPlatforms) = preSolution
		Debug|Any CPU = Debug|Any CPU
		Release|Any CPU = Release|Any CPU
	EndGlobalSection
	GlobalSection(ProjectConfigurationPlatforms) = postSolution
		{136269AF-809B-4A05-8AB1-FE50805C1E7A}.Debug|Any CPU.ActiveCfg = Debug|Any CPU
		{136269AF-809B-4A05-8AB1-FE50805C1E7A}.Debug|Any CPU.Build.0 = Debug|Any CPU
		{136269AF-809B-4A05-8AB1-FE50805C1E7A}.Release|Any CPU.ActiveCfg = Release|Any CPU
		{136269AF-809B-4A05-8AB1-FE50805C1E7A}.Release|Any CPU.Build.0 = Release|Any CPU
		{F7FA8340-4668-4E6E-88BF-6497B08B88C7}.Debug|Any CPU.ActiveCfg = Debug|Any CPU
		{F7FA8340-4668-4E6E-88BF-6497B08B88C7}.Debug|Any CPU.Build.0 = Debug|Any CPU
		{F7FA8340-4668-4E6E-88BF-6497B08B88C7}.Release|Any CPU.ActiveCfg = Release|Any CPU
		{F7FA8340-4668-4E6E-88BF-6497B08B88C7}.Release|Any CPU.Build.0 = Release|Any CPU
	EndGlobalSection
	GlobalSection(SolutionProperties) = preSolution
		HideSolutionNode = FALSE
	EndGlobalSection
	GlobalSection(ExtensibilityGlobals) = postSolution
		SolutionGuid = {66D2DA14-F041-449C-B5F9-F3A34BB432C2}
	EndGlobalSection
EndGlobal
